// !$*UTF8*$!
{
	archiveVersion = 1;
	classes = {
	};
	objectVersion = 55;
	objects = {

/* Begin PBXBuildFile section */
		B975421428292F3200B135C9 /* AppDelegate.swift in Sources */ = {isa = PBXBuildFile; fileRef = B975421328292F3200B135C9 /* AppDelegate.swift */; };
		B975421628292F3200B135C9 /* SceneDelegate.swift in Sources */ = {isa = PBXBuildFile; fileRef = B975421528292F3200B135C9 /* SceneDelegate.swift */; };
		B975421828292F3200B135C9 /* PostsViewController.swift in Sources */ = {isa = PBXBuildFile; fileRef = B975421728292F3200B135C9 /* PostsViewController.swift */; };
		B975421B28292F3200B135C9 /* Main.storyboard in Resources */ = {isa = PBXBuildFile; fileRef = B975421928292F3200B135C9 /* Main.storyboard */; };
		B975421D28292F3300B135C9 /* Assets.xcassets in Resources */ = {isa = PBXBuildFile; fileRef = B975421C28292F3300B135C9 /* Assets.xcassets */; };
		B975422028292F3300B135C9 /* LaunchScreen.storyboard in Resources */ = {isa = PBXBuildFile; fileRef = B975421E28292F3300B135C9 /* LaunchScreen.storyboard */; };
		B97542292829306400B135C9 /* Alamofire in Frameworks */ = {isa = PBXBuildFile; productRef = B97542282829306400B135C9 /* Alamofire */; };
		B975422C2829308A00B135C9 /* SwiftyJSON in Frameworks */ = {isa = PBXBuildFile; productRef = B975422B2829308A00B135C9 /* SwiftyJSON */; };
		B9754231282934AD00B135C9 /* Posts.swift in Sources */ = {isa = PBXBuildFile; fileRef = B9754230282934AD00B135C9 /* Posts.swift */; };
		B975423328293E6E00B135C9 /* PostTableViewCell.swift in Sources */ = {isa = PBXBuildFile; fileRef = B975423228293E6E00B135C9 /* PostTableViewCell.swift */; };
		B975423528294C2000B135C9 /* Users.swift in Sources */ = {isa = PBXBuildFile; fileRef = B975423428294C2000B135C9 /* Users.swift */; };
		B97542372829943500B135C9 /* PostDetailsViewController.swift in Sources */ = {isa = PBXBuildFile; fileRef = B97542362829943500B135C9 /* PostDetailsViewController.swift */; };
		B97542392829A4DF00B135C9 /* Comments.swift in Sources */ = {isa = PBXBuildFile; fileRef = B97542382829A4DE00B135C9 /* Comments.swift */; };
		B975423B2829A6DE00B135C9 /* CommentsTableViewCell.swift in Sources */ = {isa = PBXBuildFile; fileRef = B975423A2829A6DE00B135C9 /* CommentsTableViewCell.swift */; };
		B975423E2829C30B00B135C9 /* UI Extensions.swift in Sources */ = {isa = PBXBuildFile; fileRef = B975423D2829C30B00B135C9 /* UI Extensions.swift */; };
		B97542412829C80000B135C9 /* NVActivityIndicatorView in Frameworks */ = {isa = PBXBuildFile; productRef = B97542402829C80000B135C9 /* NVActivityIndicatorView */; };
		B97542432829C80000B135C9 /* NVActivityIndicatorViewExtended in Frameworks */ = {isa = PBXBuildFile; productRef = B97542422829C80000B135C9 /* NVActivityIndicatorViewExtended */; };
		B97542452829CECA00B135C9 /* ShadowView.swift in Sources */ = {isa = PBXBuildFile; fileRef = B97542442829CECA00B135C9 /* ShadowView.swift */; };
		B9754247282A78C100B135C9 /* UserProfileViewController.swift in Sources */ = {isa = PBXBuildFile; fileRef = B9754246282A78C100B135C9 /* UserProfileViewController.swift */; };
		B975424A282A826600B135C9 /* Location.swift in Sources */ = {isa = PBXBuildFile; fileRef = B9754249282A826600B135C9 /* Location.swift */; };
		B975424C282A888C00B135C9 /* PostAPI.swift in Sources */ = {isa = PBXBuildFile; fileRef = B975424B282A888C00B135C9 /* PostAPI.swift */; };
		B975424E282A8F9700B135C9 /* UserAPI.swift in Sources */ = {isa = PBXBuildFile; fileRef = B975424D282A8F9700B135C9 /* UserAPI.swift */; };
		B9754250282A91D500B135C9 /* API.swift in Sources */ = {isa = PBXBuildFile; fileRef = B975424F282A91D500B135C9 /* API.swift */; };
		B9754252282A99F900B135C9 /* RegisterViewController.swift in Sources */ = {isa = PBXBuildFile; fileRef = B9754251282A99F900B135C9 /* RegisterViewController.swift */; };
		B9754254282AB22900B135C9 /* SigninViewController.swift in Sources */ = {isa = PBXBuildFile; fileRef = B9754253282AB22900B135C9 /* SigninViewController.swift */; };
		B9754256282B982000B135C9 /* User Manager.swift in Sources */ = {isa = PBXBuildFile; fileRef = B9754255282B982000B135C9 /* User Manager.swift */; };
		B9754258282BA70200B135C9 /* TagsViewController.swift in Sources */ = {isa = PBXBuildFile; fileRef = B9754257282BA70200B135C9 /* TagsViewController.swift */; };
		B975425A282BA86C00B135C9 /* tagsCVCell.swift in Sources */ = {isa = PBXBuildFile; fileRef = B9754259282BA86C00B135C9 /* tagsCVCell.swift */; };
		B975425C282C28AA00B135C9 /* tagsInAllPostssCVCell.swift in Sources */ = {isa = PBXBuildFile; fileRef = B975425B282C28AA00B135C9 /* tagsInAllPostssCVCell.swift */; };
/* End PBXBuildFile section */

/* Begin PBXFileReference section */
		B975421028292F3200B135C9 /* SocailMediaApp.app */ = {isa = PBXFileReference; explicitFileType = wrapper.application; includeInIndex = 0; path = SocailMediaApp.app; sourceTree = BUILT_PRODUCTS_DIR; };
		B975421328292F3200B135C9 /* AppDelegate.swift */ = {isa = PBXFileReference; lastKnownFileType = sourcecode.swift; path = AppDelegate.swift; sourceTree = "<group>"; };
		B975421528292F3200B135C9 /* SceneDelegate.swift */ = {isa = PBXFileReference; lastKnownFileType = sourcecode.swift; path = SceneDelegate.swift; sourceTree = "<group>"; };
		B975421728292F3200B135C9 /* PostsViewController.swift */ = {isa = PBXFileReference; lastKnownFileType = sourcecode.swift; path = PostsViewController.swift; sourceTree = "<group>"; };
		B975421A28292F3200B135C9 /* Base */ = {isa = PBXFileReference; lastKnownFileType = file.storyboard; name = Base; path = Base.lproj/Main.storyboard; sourceTree = "<group>"; };
		B975421C28292F3300B135C9 /* Assets.xcassets */ = {isa = PBXFileReference; lastKnownFileType = folder.assetcatalog; path = Assets.xcassets; sourceTree = "<group>"; };
		B975421F28292F3300B135C9 /* Base */ = {isa = PBXFileReference; lastKnownFileType = file.storyboard; name = Base; path = Base.lproj/LaunchScreen.storyboard; sourceTree = "<group>"; };
		B975422128292F3300B135C9 /* Info.plist */ = {isa = PBXFileReference; lastKnownFileType = text.plist.xml; path = Info.plist; sourceTree = "<group>"; };
		B9754230282934AD00B135C9 /* Posts.swift */ = {isa = PBXFileReference; lastKnownFileType = sourcecode.swift; path = Posts.swift; sourceTree = "<group>"; };
		B975423228293E6E00B135C9 /* PostTableViewCell.swift */ = {isa = PBXFileReference; lastKnownFileType = sourcecode.swift; path = PostTableViewCell.swift; sourceTree = "<group>"; };
		B975423428294C2000B135C9 /* Users.swift */ = {isa = PBXFileReference; lastKnownFileType = sourcecode.swift; path = Users.swift; sourceTree = "<group>"; };
		B97542362829943500B135C9 /* PostDetailsViewController.swift */ = {isa = PBXFileReference; lastKnownFileType = sourcecode.swift; path = PostDetailsViewController.swift; sourceTree = "<group>"; };
		B97542382829A4DE00B135C9 /* Comments.swift */ = {isa = PBXFileReference; lastKnownFileType = sourcecode.swift; path = Comments.swift; sourceTree = "<group>"; };
		B975423A2829A6DE00B135C9 /* CommentsTableViewCell.swift */ = {isa = PBXFileReference; lastKnownFileType = sourcecode.swift; path = CommentsTableViewCell.swift; sourceTree = "<group>"; };
		B975423D2829C30B00B135C9 /* UI Extensions.swift */ = {isa = PBXFileReference; lastKnownFileType = sourcecode.swift; path = "UI Extensions.swift"; sourceTree = "<group>"; };
		B97542442829CECA00B135C9 /* ShadowView.swift */ = {isa = PBXFileReference; lastKnownFileType = sourcecode.swift; path = ShadowView.swift; sourceTree = "<group>"; };
		B9754246282A78C100B135C9 /* UserProfileViewController.swift */ = {isa = PBXFileReference; lastKnownFileType = sourcecode.swift; path = UserProfileViewController.swift; sourceTree = "<group>"; };
		B9754249282A826600B135C9 /* Location.swift */ = {isa = PBXFileReference; lastKnownFileType = sourcecode.swift; path = Location.swift; sourceTree = "<group>"; };
		B975424B282A888C00B135C9 /* PostAPI.swift */ = {isa = PBXFileReference; lastKnownFileType = sourcecode.swift; path = PostAPI.swift; sourceTree = "<group>"; };
		B975424D282A8F9700B135C9 /* UserAPI.swift */ = {isa = PBXFileReference; lastKnownFileType = sourcecode.swift; path = UserAPI.swift; sourceTree = "<group>"; };
		B975424F282A91D500B135C9 /* API.swift */ = {isa = PBXFileReference; lastKnownFileType = sourcecode.swift; path = API.swift; sourceTree = "<group>"; };
		B9754251282A99F900B135C9 /* RegisterViewController.swift */ = {isa = PBXFileReference; lastKnownFileType = sourcecode.swift; path = RegisterViewController.swift; sourceTree = "<group>"; };
		B9754253282AB22900B135C9 /* SigninViewController.swift */ = {isa = PBXFileReference; lastKnownFileType = sourcecode.swift; path = SigninViewController.swift; sourceTree = "<group>"; };
		B9754255282B982000B135C9 /* User Manager.swift */ = {isa = PBXFileReference; lastKnownFileType = sourcecode.swift; path = "User Manager.swift"; sourceTree = "<group>"; };
		B9754257282BA70200B135C9 /* TagsViewController.swift */ = {isa = PBXFileReference; lastKnownFileType = sourcecode.swift; path = TagsViewController.swift; sourceTree = "<group>"; };
		B9754259282BA86C00B135C9 /* tagsCVCell.swift */ = {isa = PBXFileReference; lastKnownFileType = sourcecode.swift; path = tagsCVCell.swift; sourceTree = "<group>"; };
		B975425B282C28AA00B135C9 /* tagsInAllPostssCVCell.swift */ = {isa = PBXFileReference; lastKnownFileType = sourcecode.swift; path = tagsInAllPostssCVCell.swift; sourceTree = "<group>"; };
/* End PBXFileReference section */

/* Begin PBXFrameworksBuildPhase section */
		B975420D28292F3200B135C9 /* Frameworks */ = {
			isa = PBXFrameworksBuildPhase;
			buildActionMask = 2147483647;
			files = (
				B975422C2829308A00B135C9 /* SwiftyJSON in Frameworks */,
				B97542432829C80000B135C9 /* NVActivityIndicatorViewExtended in Frameworks */,
				B97542292829306400B135C9 /* Alamofire in Frameworks */,
				B97542412829C80000B135C9 /* NVActivityIndicatorView in Frameworks */,
			);
			runOnlyForDeploymentPostprocessing = 0;
		};
/* End PBXFrameworksBuildPhase section */

/* Begin PBXGroup section */
		B975420728292F3200B135C9 = {
			isa = PBXGroup;
			children = (
				B975421228292F3200B135C9 /* SocailMediaApp */,
				B975421128292F3200B135C9 /* Products */,
			);
			sourceTree = "<group>";
		};
		B975421128292F3200B135C9 /* Products */ = {
			isa = PBXGroup;
			children = (
				B975421028292F3200B135C9 /* SocailMediaApp.app */,
			);
			name = Products;
			sourceTree = "<group>";
		};
		B975421228292F3200B135C9 /* SocailMediaApp */ = {
			isa = PBXGroup;
			children = (
				B9754248282A7F5000B135C9 /* Networking */,
				B975423C2829C2D300B135C9 /* Utilities */,
				B975422F282933A600B135C9 /* Models */,
				B975422E2829338E00B135C9 /* View Controllers */,
				B975422D2829337C00B135C9 /* Views */,
				B975421328292F3200B135C9 /* AppDelegate.swift */,
				B975421528292F3200B135C9 /* SceneDelegate.swift */,
				B975422128292F3300B135C9 /* Info.plist */,
			);
			path = SocailMediaApp;
			sourceTree = "<group>";
		};
		B975422D2829337C00B135C9 /* Views */ = {
			isa = PBXGroup;
			children = (
				B975421E28292F3300B135C9 /* LaunchScreen.storyboard */,
				B975421928292F3200B135C9 /* Main.storyboard */,
				B975421C28292F3300B135C9 /* Assets.xcassets */,
				B975423228293E6E00B135C9 /* PostTableViewCell.swift */,
				B975423A2829A6DE00B135C9 /* CommentsTableViewCell.swift */,
				B97542442829CECA00B135C9 /* ShadowView.swift */,
				B9754259282BA86C00B135C9 /* tagsCVCell.swift */,
				B975425B282C28AA00B135C9 /* tagsInAllPostssCVCell.swift */,
			);
			path = Views;
			sourceTree = "<group>";
		};
		B975422E2829338E00B135C9 /* View Controllers */ = {
			isa = PBXGroup;
			children = (
				B975421728292F3200B135C9 /* PostsViewController.swift */,
				B97542362829943500B135C9 /* PostDetailsViewController.swift */,
				B9754246282A78C100B135C9 /* UserProfileViewController.swift */,
				B9754251282A99F900B135C9 /* RegisterViewController.swift */,
				B9754253282AB22900B135C9 /* SigninViewController.swift */,
				B9754257282BA70200B135C9 /* TagsViewController.swift */,
			);
			path = "View Controllers";
			sourceTree = "<group>";
		};
		B975422F282933A600B135C9 /* Models */ = {
			isa = PBXGroup;
			children = (
				B9754230282934AD00B135C9 /* Posts.swift */,
				B975423428294C2000B135C9 /* Users.swift */,
				B97542382829A4DE00B135C9 /* Comments.swift */,
				B9754249282A826600B135C9 /* Location.swift */,
			);
			path = Models;
			sourceTree = "<group>";
		};
		B975423C2829C2D300B135C9 /* Utilities */ = {
			isa = PBXGroup;
			children = (
				B975423D2829C30B00B135C9 /* UI Extensions.swift */,
				B9754255282B982000B135C9 /* User Manager.swift */,
			);
			path = Utilities;
			sourceTree = "<group>";
		};
		B9754248282A7F5000B135C9 /* Networking */ = {
			isa = PBXGroup;
			children = (
				B975424B282A888C00B135C9 /* PostAPI.swift */,
				B975424D282A8F9700B135C9 /* UserAPI.swift */,
				B975424F282A91D500B135C9 /* API.swift */,
			);
			path = Networking;
			sourceTree = "<group>";
		};
/* End PBXGroup section */

/* Begin PBXNativeTarget section */
		B975420F28292F3200B135C9 /* SocailMediaApp */ = {
			isa = PBXNativeTarget;
			buildConfigurationList = B975422428292F3300B135C9 /* Build configuration list for PBXNativeTarget "SocailMediaApp" */;
			buildPhases = (
				B975420C28292F3200B135C9 /* Sources */,
				B975420D28292F3200B135C9 /* Frameworks */,
				B975420E28292F3200B135C9 /* Resources */,
			);
			buildRules = (
			);
			dependencies = (
			);
			name = SocailMediaApp;
			packageProductDependencies = (
				B97542282829306400B135C9 /* Alamofire */,
				B975422B2829308A00B135C9 /* SwiftyJSON */,
				B97542402829C80000B135C9 /* NVActivityIndicatorView */,
				B97542422829C80000B135C9 /* NVActivityIndicatorViewExtended */,
			);
			productName = SocailMediaApp;
			productReference = B975421028292F3200B135C9 /* SocailMediaApp.app */;
			productType = "com.apple.product-type.application";
		};
/* End PBXNativeTarget section */

/* Begin PBXProject section */
		B975420828292F3200B135C9 /* Project object */ = {
			isa = PBXProject;
			attributes = {
				BuildIndependentTargetsInParallel = 1;
				LastSwiftUpdateCheck = 1320;
				LastUpgradeCheck = 1320;
				TargetAttributes = {
					B975420F28292F3200B135C9 = {
						CreatedOnToolsVersion = 13.2.1;
					};
				};
			};
			buildConfigurationList = B975420B28292F3200B135C9 /* Build configuration list for PBXProject "SocailMediaApp" */;
			compatibilityVersion = "Xcode 13.0";
			developmentRegion = en;
			hasScannedForEncodings = 0;
			knownRegions = (
				en,
				Base,
			);
			mainGroup = B975420728292F3200B135C9;
			packageReferences = (
				B97542272829306400B135C9 /* XCRemoteSwiftPackageReference "Alamofire" */,
				B975422A2829308A00B135C9 /* XCRemoteSwiftPackageReference "SwiftyJSON" */,
				B975423F2829C80000B135C9 /* XCRemoteSwiftPackageReference "NVActivityIndicatorView" */,
			);
			productRefGroup = B975421128292F3200B135C9 /* Products */;
			projectDirPath = "";
			projectRoot = "";
			targets = (
				B975420F28292F3200B135C9 /* SocailMediaApp */,
			);
		};
/* End PBXProject section */

/* Begin PBXResourcesBuildPhase section */
		B975420E28292F3200B135C9 /* Resources */ = {
			isa = PBXResourcesBuildPhase;
			buildActionMask = 2147483647;
			files = (
				B975422028292F3300B135C9 /* LaunchScreen.storyboard in Resources */,
				B975421D28292F3300B135C9 /* Assets.xcassets in Resources */,
				B975421B28292F3200B135C9 /* Main.storyboard in Resources */,
			);
			runOnlyForDeploymentPostprocessing = 0;
		};
/* End PBXResourcesBuildPhase section */

/* Begin PBXSourcesBuildPhase section */
		B975420C28292F3200B135C9 /* Sources */ = {
			isa = PBXSourcesBuildPhase;
			buildActionMask = 2147483647;
			files = (
				B975421828292F3200B135C9 /* PostsViewController.swift in Sources */,
				B975425A282BA86C00B135C9 /* tagsCVCell.swift in Sources */,
				B9754247282A78C100B135C9 /* UserProfileViewController.swift in Sources */,
				B97542452829CECA00B135C9 /* ShadowView.swift in Sources */,
				B975423E2829C30B00B135C9 /* UI Extensions.swift in Sources */,
				B975421428292F3200B135C9 /* AppDelegate.swift in Sources */,
				B97542372829943500B135C9 /* PostDetailsViewController.swift in Sources */,
				B975424A282A826600B135C9 /* Location.swift in Sources */,
				B975423328293E6E00B135C9 /* PostTableViewCell.swift in Sources */,
				B9754254282AB22900B135C9 /* SigninViewController.swift in Sources */,
				B9754256282B982000B135C9 /* User Manager.swift in Sources */,
				B975424E282A8F9700B135C9 /* UserAPI.swift in Sources */,
				B975424C282A888C00B135C9 /* PostAPI.swift in Sources */,
				B975421628292F3200B135C9 /* SceneDelegate.swift in Sources */,
				B975423528294C2000B135C9 /* Users.swift in Sources */,
				B9754231282934AD00B135C9 /* Posts.swift in Sources */,
				B9754252282A99F900B135C9 /* RegisterViewController.swift in Sources */,
				B975423B2829A6DE00B135C9 /* CommentsTableViewCell.swift in Sources */,
				B9754258282BA70200B135C9 /* TagsViewController.swift in Sources */,
				B9754250282A91D500B135C9 /* API.swift in Sources */,
				B975425C282C28AA00B135C9 /* tagsInAllPostssCVCell.swift in Sources */,
				B97542392829A4DF00B135C9 /* Comments.swift in Sources */,
			);
			runOnlyForDeploymentPostprocessing = 0;
		};
/* End PBXSourcesBuildPhase section */

/* Begin PBXVariantGroup section */
		B975421928292F3200B135C9 /* Main.storyboard */ = {
			isa = PBXVariantGroup;
			children = (
				B975421A28292F3200B135C9 /* Base */,
			);
			name = Main.storyboard;
			sourceTree = "<group>";
		};
		B975421E28292F3300B135C9 /* LaunchScreen.storyboard */ = {
			isa = PBXVariantGroup;
			children = (
				B975421F28292F3300B135C9 /* Base */,
			);
			name = LaunchScreen.storyboard;
			sourceTree = "<group>";
		};
/* End PBXVariantGroup section */

/* Begin XCBuildConfiguration section */
		B975422228292F3300B135C9 /* Debug */ = {
			isa = XCBuildConfiguration;
			buildSettings = {
				ALWAYS_SEARCH_USER_PATHS = NO;
				CLANG_ANALYZER_NONNULL = YES;
				CLANG_ANALYZER_NUMBER_OBJECT_CONVERSION = YES_AGGRESSIVE;
				CLANG_CXX_LANGUAGE_STANDARD = "gnu++17";
				CLANG_CXX_LIBRARY = "libc++";
				CLANG_ENABLE_MODULES = YES;
				CLANG_ENABLE_OBJC_ARC = YES;
				CLANG_ENABLE_OBJC_WEAK = YES;
				CLANG_WARN_BLOCK_CAPTURE_AUTORELEASING = YES;
				CLANG_WARN_BOOL_CONVERSION = YES;
				CLANG_WARN_COMMA = YES;
				CLANG_WARN_CONSTANT_CONVERSION = YES;
				CLANG_WARN_DEPRECATED_OBJC_IMPLEMENTATIONS = YES;
				CLANG_WARN_DIRECT_OBJC_ISA_USAGE = YES_ERROR;
				CLANG_WARN_DOCUMENTATION_COMMENTS = YES;
				CLANG_WARN_EMPTY_BODY = YES;
				CLANG_WARN_ENUM_CONVERSION = YES;
				CLANG_WARN_INFINITE_RECURSION = YES;
				CLANG_WARN_INT_CONVERSION = YES;
				CLANG_WARN_NON_LITERAL_NULL_CONVERSION = YES;
				CLANG_WARN_OBJC_IMPLICIT_RETAIN_SELF = YES;
				CLANG_WARN_OBJC_LITERAL_CONVERSION = YES;
				CLANG_WARN_OBJC_ROOT_CLASS = YES_ERROR;
				CLANG_WARN_QUOTED_INCLUDE_IN_FRAMEWORK_HEADER = YES;
				CLANG_WARN_RANGE_LOOP_ANALYSIS = YES;
				CLANG_WARN_STRICT_PROTOTYPES = YES;
				CLANG_WARN_SUSPICIOUS_MOVE = YES;
				CLANG_WARN_UNGUARDED_AVAILABILITY = YES_AGGRESSIVE;
				CLANG_WARN_UNREACHABLE_CODE = YES;
				CLANG_WARN__DUPLICATE_METHOD_MATCH = YES;
				COPY_PHASE_STRIP = NO;
				DEBUG_INFORMATION_FORMAT = dwarf;
				ENABLE_STRICT_OBJC_MSGSEND = YES;
				ENABLE_TESTABILITY = YES;
				GCC_C_LANGUAGE_STANDARD = gnu11;
				GCC_DYNAMIC_NO_PIC = NO;
				GCC_NO_COMMON_BLOCKS = YES;
				GCC_OPTIMIZATION_LEVEL = 0;
				GCC_PREPROCESSOR_DEFINITIONS = (
					"DEBUG=1",
					"$(inherited)",
				);
				GCC_WARN_64_TO_32_BIT_CONVERSION = YES;
				GCC_WARN_ABOUT_RETURN_TYPE = YES_ERROR;
				GCC_WARN_UNDECLARED_SELECTOR = YES;
				GCC_WARN_UNINITIALIZED_AUTOS = YES_AGGRESSIVE;
				GCC_WARN_UNUSED_FUNCTION = YES;
				GCC_WARN_UNUSED_VARIABLE = YES;
				IPHONEOS_DEPLOYMENT_TARGET = 15.2;
				MTL_ENABLE_DEBUG_INFO = INCLUDE_SOURCE;
				MTL_FAST_MATH = YES;
				ONLY_ACTIVE_ARCH = YES;
				SDKROOT = iphoneos;
				SWIFT_ACTIVE_COMPILATION_CONDITIONS = DEBUG;
				SWIFT_OPTIMIZATION_LEVEL = "-Onone";
			};
			name = Debug;
		};
		B975422328292F3300B135C9 /* Release */ = {
			isa = XCBuildConfiguration;
			buildSettings = {
				ALWAYS_SEARCH_USER_PATHS = NO;
				CLANG_ANALYZER_NONNULL = YES;
				CLANG_ANALYZER_NUMBER_OBJECT_CONVERSION = YES_AGGRESSIVE;
				CLANG_CXX_LANGUAGE_STANDARD = "gnu++17";
				CLANG_CXX_LIBRARY = "libc++";
				CLANG_ENABLE_MODULES = YES;
				CLANG_ENABLE_OBJC_ARC = YES;
				CLANG_ENABLE_OBJC_WEAK = YES;
				CLANG_WARN_BLOCK_CAPTURE_AUTORELEASING = YES;
				CLANG_WARN_BOOL_CONVERSION = YES;
				CLANG_WARN_COMMA = YES;
				CLANG_WARN_CONSTANT_CONVERSION = YES;
				CLANG_WARN_DEPRECATED_OBJC_IMPLEMENTATIONS = YES;
				CLANG_WARN_DIRECT_OBJC_ISA_USAGE = YES_ERROR;
				CLANG_WARN_DOCUMENTATION_COMMENTS = YES;
				CLANG_WARN_EMPTY_BODY = YES;
				CLANG_WARN_ENUM_CONVERSION = YES;
				CLANG_WARN_INFINITE_RECURSION = YES;
				CLANG_WARN_INT_CONVERSION = YES;
				CLANG_WARN_NON_LITERAL_NULL_CONVERSION = YES;
				CLANG_WARN_OBJC_IMPLICIT_RETAIN_SELF = YES;
				CLANG_WARN_OBJC_LITERAL_CONVERSION = YES;
				CLANG_WARN_OBJC_ROOT_CLASS = YES_ERROR;
				CLANG_WARN_QUOTED_INCLUDE_IN_FRAMEWORK_HEADER = YES;
				CLANG_WARN_RANGE_LOOP_ANALYSIS = YES;
				CLANG_WARN_STRICT_PROTOTYPES = YES;
				CLANG_WARN_SUSPICIOUS_MOVE = YES;
				CLANG_WARN_UNGUARDED_AVAILABILITY = YES_AGGRESSIVE;
				CLANG_WARN_UNREACHABLE_CODE = YES;
				CLANG_WARN__DUPLICATE_METHOD_MATCH = YES;
				COPY_PHASE_STRIP = NO;
				DEBUG_INFORMATION_FORMAT = "dwarf-with-dsym";
				ENABLE_NS_ASSERTIONS = NO;
				ENABLE_STRICT_OBJC_MSGSEND = YES;
				GCC_C_LANGUAGE_STANDARD = gnu11;
				GCC_NO_COMMON_BLOCKS = YES;
				GCC_WARN_64_TO_32_BIT_CONVERSION = YES;
				GCC_WARN_ABOUT_RETURN_TYPE = YES_ERROR;
				GCC_WARN_UNDECLARED_SELECTOR = YES;
				GCC_WARN_UNINITIALIZED_AUTOS = YES_AGGRESSIVE;
				GCC_WARN_UNUSED_FUNCTION = YES;
				GCC_WARN_UNUSED_VARIABLE = YES;
				IPHONEOS_DEPLOYMENT_TARGET = 15.2;
				MTL_ENABLE_DEBUG_INFO = NO;
				MTL_FAST_MATH = YES;
				SDKROOT = iphoneos;
				SWIFT_COMPILATION_MODE = wholemodule;
				SWIFT_OPTIMIZATION_LEVEL = "-O";
				VALIDATE_PRODUCT = YES;
			};
			name = Release;
		};
		B975422528292F3300B135C9 /* Debug */ = {
			isa = XCBuildConfiguration;
			buildSettings = {
				ASSETCATALOG_COMPILER_APPICON_NAME = AppIcon;
				ASSETCATALOG_COMPILER_GLOBAL_ACCENT_COLOR_NAME = AccentColor;
				CODE_SIGN_STYLE = Automatic;
				CURRENT_PROJECT_VERSION = 1;
				GENERATE_INFOPLIST_FILE = YES;
				INFOPLIST_FILE = SocailMediaApp/Info.plist;
				INFOPLIST_KEY_UIApplicationSupportsIndirectInputEvents = YES;
				INFOPLIST_KEY_UILaunchStoryboardName = LaunchScreen;
				INFOPLIST_KEY_UIMainStoryboardFile = Main;
				INFOPLIST_KEY_UISupportedInterfaceOrientations_iPad = "UIInterfaceOrientationPortrait UIInterfaceOrientationPortraitUpsideDown UIInterfaceOrientationLandscapeLeft UIInterfaceOrientationLandscapeRight";
				INFOPLIST_KEY_UISupportedInterfaceOrientations_iPhone = "UIInterfaceOrientationPortrait UIInterfaceOrientationLandscapeLeft UIInterfaceOrientationLandscapeRight";
				LD_RUNPATH_SEARCH_PATHS = (
					"$(inherited)",
					"@executable_path/Frameworks",
				);
				MARKETING_VERSION = 1.0;
				PRODUCT_BUNDLE_IDENTIFIER = zahraMajed.SocailMediaApp;
				PRODUCT_NAME = "$(TARGET_NAME)";
				SWIFT_EMIT_LOC_STRINGS = YES;
				SWIFT_VERSION = 5.0;
				TARGETED_DEVICE_FAMILY = "1,2";
			};
			name = Debug;
		};
		B975422628292F3300B135C9 /* Release */ = {
			isa = XCBuildConfiguration;
			buildSettings = {
				ASSETCATALOG_COMPILER_APPICON_NAME = AppIcon;
				ASSETCATALOG_COMPILER_GLOBAL_ACCENT_COLOR_NAME = AccentColor;
				CODE_SIGN_STYLE = Automatic;
				CURRENT_PROJECT_VERSION = 1;
				GENERATE_INFOPLIST_FILE = YES;
				INFOPLIST_FILE = SocailMediaApp/Info.plist;
				INFOPLIST_KEY_UIApplicationSupportsIndirectInputEvents = YES;
				INFOPLIST_KEY_UILaunchStoryboardName = LaunchScreen;
				INFOPLIST_KEY_UIMainStoryboardFile = Main;
				INFOPLIST_KEY_UISupportedInterfaceOrientations_iPad = "UIInterfaceOrientationPortrait UIInterfaceOrientationPortraitUpsideDown UIInterfaceOrientationLandscapeLeft UIInterfaceOrientationLandscapeRight";
				INFOPLIST_KEY_UISupportedInterfaceOrientations_iPhone = "UIInterfaceOrientationPortrait UIInterfaceOrientationLandscapeLeft UIInterfaceOrientationLandscapeRight";
				LD_RUNPATH_SEARCH_PATHS = (
					"$(inherited)",
					"@executable_path/Frameworks",
				);
				MARKETING_VERSION = 1.0;
				PRODUCT_BUNDLE_IDENTIFIER = zahraMajed.SocailMediaApp;
				PRODUCT_NAME = "$(TARGET_NAME)";
				SWIFT_EMIT_LOC_STRINGS = YES;
				SWIFT_VERSION = 5.0;
				TARGETED_DEVICE_FAMILY = "1,2";
			};
			name = Release;
		};
/* End XCBuildConfiguration section */

/* Begin XCConfigurationList section */
		B975420B28292F3200B135C9 /* Build configuration list for PBXProject "SocailMediaApp" */ = {
			isa = XCConfigurationList;
			buildConfigurations = (
				B975422228292F3300B135C9 /* Debug */,
				B975422328292F3300B135C9 /* Release */,
			);
			defaultConfigurationIsVisible = 0;
			defaultConfigurationName = Release;
		};
		B975422428292F3300B135C9 /* Build configuration list for PBXNativeTarget "SocailMediaApp" */ = {
			isa = XCConfigurationList;
			buildConfigurations = (
				B975422528292F3300B135C9 /* Debug */,
				B975422628292F3300B135C9 /* Release */,
			);
			defaultConfigurationIsVisible = 0;
			defaultConfigurationName = Release;
		};
/* End XCConfigurationList section */

/* Begin XCRemoteSwiftPackageReference section */
		B97542272829306400B135C9 /* XCRemoteSwiftPackageReference "Alamofire" */ = {
			isa = XCRemoteSwiftPackageReference;
			repositoryURL = "https://github.com/Alamofire/Alamofire.git";
			requirement = {
				kind = upToNextMajorVersion;
				minimumVersion = 5.0.0;
			};
		};
		B975422A2829308A00B135C9 /* XCRemoteSwiftPackageReference "SwiftyJSON" */ = {
			isa = XCRemoteSwiftPackageReference;
			repositoryURL = "https://github.com/SwiftyJSON/SwiftyJSON.git";
			requirement = {
				kind = upToNextMajorVersion;
				minimumVersion = 5.0.0;
			};
		};
		B975423F2829C80000B135C9 /* XCRemoteSwiftPackageReference "NVActivityIndicatorView" */ = {
			isa = XCRemoteSwiftPackageReference;
			repositoryURL = "https://github.com/ninjaprox/NVActivityIndicatorView.git";
			requirement = {
				kind = upToNextMajorVersion;
				minimumVersion = 5.0.0;
			};
		};
/* End XCRemoteSwiftPackageReference section */

/* Begin XCSwiftPackageProductDependency section */
		B97542282829306400B135C9 /* Alamofire */ = {
			isa = XCSwiftPackageProductDependency;
			package = B97542272829306400B135C9 /* XCRemoteSwiftPackageReference "Alamofire" */;
			productName = Alamofire;
		};
		B975422B2829308A00B135C9 /* SwiftyJSON */ = {
			isa = XCSwiftPackageProductDependency;
			package = B975422A2829308A00B135C9 /* XCRemoteSwiftPackageReference "SwiftyJSON" */;
			productName = SwiftyJSON;
		};
		B97542402829C80000B135C9 /* NVActivityIndicatorView */ = {
			isa = XCSwiftPackageProductDependency;
			package = B975423F2829C80000B135C9 /* XCRemoteSwiftPackageReference "NVActivityIndicatorView" */;
			productName = NVActivityIndicatorView;
		};
		B97542422829C80000B135C9 /* NVActivityIndicatorViewExtended */ = {
			isa = XCSwiftPackageProductDependency;
			package = B975423F2829C80000B135C9 /* XCRemoteSwiftPackageReference "NVActivityIndicatorView" */;
			productName = NVActivityIndicatorViewExtended;
		};
/* End XCSwiftPackageProductDependency section */
	};
	rootObject = B975420828292F3200B135C9 /* Project object */;
}
